
Microsoft Visual Studio Solution File, Format Version 12.00
# Visual Studio Version 17
VisualStudioVersion = 17.5.002.0
MinimumVisualStudioVersion = 10.0.40219.1
Project("{9A19103F-16F7-4668-BE54-9A1E7A4F7556}") = "CalculadoraCSharp", "CalculadoraCSharp.csproj", "{DF6F3114-AE6B-4A25-8ADC-4DE84CEAE49B}"
EndProject
Global
	GlobalSection(SolutionConfigurationPlatforms) = preSolution
		Debug|Any CPU = Debug|Any CPU
		Release|Any CPU = Release|Any CPU
	EndGlobalSection
	GlobalSection(ProjectConfigurationPlatforms) = postSolution
		{DF6F3114-AE6B-4A25-8ADC-4DE84CEAE49B}.Debug|Any CPU.ActiveCfg = Debug|Any CPU
		{DF6F3114-AE6B-4A25-8ADC-4DE84CEAE49B}.Debug|Any CPU.Build.0 = Debug|Any CPU
		{DF6F3114-AE6B-4A25-8ADC-4DE84CEAE49B}.Release|Any CPU.ActiveCfg = Release|Any CPU
		{DF6F3114-AE6B-4A25-8ADC-4DE84CEAE49B}.Release|Any CPU.Build.0 = Release|Any CPU
	EndGlobalSection
	GlobalSection(SolutionProperties) = preSolution
		HideSolutionNode = FALSE
	EndGlobalSection
	GlobalSection(ExtensibilityGlobals) = postSolution
		SolutionGuid = {F2EE6660-CCAB-425F-80C5-50831C1C92A4}
	EndGlobalSection
EndGlobal
